
Microsoft Visual Studio Solution File, Format Version 12.00
Project("{FAE04EC0-301F-11D3-BF4B-00C04F79EFBC}") = "AdventOfCode2023", "AdventOfCode2023\AdventOfCode2023.csproj", "{A14640D4-391C-4FED-B3CD-38A5A0559741}"
EndProject
Project("{FAE04EC0-301F-11D3-BF4B-00C04F79EFBC}") = "Tests", "Tests\Tests.csproj", "{90060955-82CA-48D6-A236-A32BE36A5996}"
EndProject
Global
	GlobalSection(SolutionConfigurationPlatforms) = preSolution
		Debug|Any CPU = Debug|Any CPU
		Release|Any CPU = Release|Any CPU
	EndGlobalSection
	GlobalSection(ProjectConfigurationPlatforms) = postSolution
		{A14640D4-391C-4FED-B3CD-38A5A0559741}.Debug|Any CPU.ActiveCfg = Debug|Any CPU
		{A14640D4-391C-4FED-B3CD-38A5A0559741}.Debug|Any CPU.Build.0 = Debug|Any CPU
		{A14640D4-391C-4FED-B3CD-38A5A0559741}.Release|Any CPU.ActiveCfg = Release|Any CPU
		{A14640D4-391C-4FED-B3CD-38A5A0559741}.Release|Any CPU.Build.0 = Release|Any CPU
		{90060955-82CA-48D6-A236-A32BE36A5996}.Debug|Any CPU.ActiveCfg = Debug|Any CPU
		{90060955-82CA-48D6-A236-A32BE36A5996}.Debug|Any CPU.Build.0 = Debug|Any CPU
		{90060955-82CA-48D6-A236-A32BE36A5996}.Release|Any CPU.ActiveCfg = Release|Any CPU
		{90060955-82CA-48D6-A236-A32BE36A5996}.Release|Any CPU.Build.0 = Release|Any CPU
	EndGlobalSection
EndGlobal
